
Microsoft Visual Studio Solution File, Format Version 12.00
# Visual Studio Version 17
VisualStudioVersion = 17.14.36623.8 d17.14
MinimumVisualStudioVersion = 10.0.40219.1
Project("{FAE04EC0-301F-11D3-BF4B-00C04F79EFBC}") = "IntroductionToWebAPIs", "IntroductionToWebAPIs\IntroductionToWebAPIs.csproj", "{2D892013-52E0-40AA-9470-36E4E0D03876}"
EndProject
Global
	GlobalSection(SolutionConfigurationPlatforms) = preSolution
		Debug|Any CPU = Debug|Any CPU
		Release|Any CPU = Release|Any CPU
	EndGlobalSection
	GlobalSection(ProjectConfigurationPlatforms) = postSolution
		{2D892013-52E0-40AA-9470-36E4E0D03876}.Debug|Any CPU.ActiveCfg = Debug|Any CPU
		{2D892013-52E0-40AA-9470-36E4E0D03876}.Debug|Any CPU.Build.0 = Debug|Any CPU
		{2D892013-52E0-40AA-9470-36E4E0D03876}.Release|Any CPU.ActiveCfg = Release|Any CPU
		{2D892013-52E0-40AA-9470-36E4E0D03876}.Release|Any CPU.Build.0 = Release|Any CPU
	EndGlobalSection
	GlobalSection(SolutionProperties) = preSolution
		HideSolutionNode = FALSE
	EndGlobalSection
	GlobalSection(ExtensibilityGlobals) = postSolution
		SolutionGuid = {46338D7A-6604-48CB-B313-1D94DF00E5DF}
	EndGlobalSection
EndGlobal
